
Microsoft Visual Studio Solution File, Format Version 12.00
# Visual Studio Version 17
VisualStudioVersion = 17.0.31521.260
MinimumVisualStudioVersion = 10.0.40219.1
Project("{FAE04EC0-301F-11D3-BF4B-00C04F79EFBC}") = "Trim", "Trim\Trim.csproj", "{07EF28F3-CD82-4647-A55B-DBA0D0C32C16}"
EndProject
Global
	GlobalSection(SolutionConfigurationPlatforms) = preSolution
		Debug|Any CPU = Debug|Any CPU
		Release|Any CPU = Release|Any CPU
	EndGlobalSection
	GlobalSection(ProjectConfigurationPlatforms) = postSolution
		{07EF28F3-CD82-4647-A55B-DBA0D0C32C16}.Debug|Any CPU.ActiveCfg = Debug|Any CPU
		{07EF28F3-CD82-4647-A55B-DBA0D0C32C16}.Debug|Any CPU.Build.0 = Debug|Any CPU
		{07EF28F3-CD82-4647-A55B-DBA0D0C32C16}.Release|Any CPU.ActiveCfg = Release|Any CPU
		{07EF28F3-CD82-4647-A55B-DBA0D0C32C16}.Release|Any CPU.Build.0 = Release|Any CPU
	EndGlobalSection
	GlobalSection(SolutionProperties) = preSolution
		HideSolutionNode = FALSE
	EndGlobalSection
	GlobalSection(ExtensibilityGlobals) = postSolution
		SolutionGuid = {FF5ED699-FD09-4604-AD96-C50BE8FB5DD0}
	EndGlobalSection
EndGlobal
